
Microsoft Visual Studio Solution File, Format Version 12.00
# Visual Studio Version 17
VisualStudioVersion = 17.0.31903.59
MinimumVisualStudioVersion = 10.0.40219.1
Project("{2150E333-8FDC-42A3-9474-1A3956D46DE8}") = "src", "src", "{827E0CD3-B72D-47B6-A68D-7590B98EB39B}"
EndProject
Project("{FAE04EC0-301F-11D3-BF4B-00C04F79EFBC}") = "AgentOpsHub.Web", "src\AgentOpsHub.Web\AgentOpsHub.Web.csproj", "{4277630B-073E-4FBF-AB32-9FBF141C020B}"
EndProject
Project("{2150E333-8FDC-42A3-9474-1A3956D46DE8}") = "AgentOpsHub", "AgentOpsHub", "{72696CDF-302E-EF66-82F6-620320370A42}"
EndProject
Project("{FAE04EC0-301F-11D3-BF4B-00C04F79EFBC}") = "AgentOpsHub.Core", "src\AgentOpsHub\AgentOpsHub.Core\AgentOpsHub.Core.csproj", "{034A3E9A-52D1-4587-96DC-55D2D834EF37}"
EndProject
Project("{FAE04EC0-301F-11D3-BF4B-00C04F79EFBC}") = "AgentOpsHub.Abstractions", "src\AgentOpsHub\AgentOpsHub.Abstractions\AgentOpsHub.Abstractions.csproj", "{0D04FCFA-A4DE-4DFB-9877-7BD6159468FB}"
EndProject
Project("{2150E333-8FDC-42A3-9474-1A3956D46DE8}") = "MyAgents", "MyAgents", "{1A88AEE5-8318-917E-8E30-D2AB575D3D92}"
EndProject
Project("{FAE04EC0-301F-11D3-BF4B-00C04F79EFBC}") = "MyFirstAgent", "src\MyAgents\MyFirstAgent\MyFirstAgent.csproj", "{F3364C8F-4835-4137-A2EB-2AE85D207541}"
EndProject
Project("{2150E333-8FDC-42A3-9474-1A3956D46DE8}") = "MCP", "MCP", "{F3846736-565B-9EA7-873C-5ACF842A7768}"
EndProject
Project("{FAE04EC0-301F-11D3-BF4B-00C04F79EFBC}") = "MCP.MarketData", "src\MCP\MCP.MarketData\MCP.MarketData.csproj", "{CC43B71D-2FC5-4A78-BD44-4AE3068851C4}"
EndProject
Project("{FAE04EC0-301F-11D3-BF4B-00C04F79EFBC}") = "VectorStore.Sqlite", "src\MCP\VectorStore.Sqlite\VectorStore.Sqlite.csproj", "{BC08F414-3D37-40D5-A437-37CB51D9EC2E}"
EndProject
Project("{2150E333-8FDC-42A3-9474-1A3956D46DE8}") = "AgentOpsHub", "AgentOpsHub", "{5E2CD0BF-53BA-A5A1-2DCE-D75CA6078340}"
EndProject
Project("{FAE04EC0-301F-11D3-BF4B-00C04F79EFBC}") = "AgentOpsHub.AgentData", "src\AgentOpsHub\AgentOpsHub.AgentData\AgentOpsHub.AgentData.csproj", "{1297ACDF-CF52-40B3-9613-ED86F682E417}"
EndProject
Project("{FAE04EC0-301F-11D3-BF4B-00C04F79EFBC}") = "AgentOpsHub.Scheduler", "src\AgentOpsHub\AgentOpsHub.Scheduler\AgentOpsHub.Scheduler.csproj", "{1456E580-C8E2-4DA0-9D00-6D065E0FA69D}"
EndProject
Project("{FAE04EC0-301F-11D3-BF4B-00C04F79EFBC}") = "AgentOpsHub.Skills", "src\AgentOpsHub\AgentOpsHub.Skills\AgentOpsHub.Skills.csproj", "{AA59F727-C66B-433B-AAE9-C44B72BE7380}"
EndProject
Project("{FAE04EC0-301F-11D3-BF4B-00C04F79EFBC}") = "AgentOpsHub.Notifications", "src\AgentOpsHub\AgentOpsHub.Notifications\AgentOpsHub.Notifications.csproj", "{835A5345-A296-4C7E-B477-DEF5D829A1DD}"
EndProject
Project("{FAE04EC0-301F-11D3-BF4B-00C04F79EFBC}") = "AgentOpsHub.SystemTools", "src\AgentOpsHub\AgentOpsHub.SystemTools\AgentOpsHub.SystemTools.csproj", "{F1FF2D57-CD5F-42F2-9A0C-3F503FCAE7B6}"
EndProject
Project("{FAE04EC0-301F-11D3-BF4B-00C04F79EFBC}") = "AgentOpsHub.Security", "src\AgentOpsHub\AgentOpsHub.Security\AgentOpsHub.Security.csproj", "{62332F4E-F354-4D7B-8C06-5AD4D293D3E9}"
EndProject
Global
	GlobalSection(SolutionConfigurationPlatforms) = preSolution
		Debug|Any CPU = Debug|Any CPU
		Debug|x64 = Debug|x64
		Debug|x86 = Debug|x86
		Release|Any CPU = Release|Any CPU
		Release|x64 = Release|x64
		Release|x86 = Release|x86
	EndGlobalSection
	GlobalSection(ProjectConfigurationPlatforms) = postSolution
		{4277630B-073E-4FBF-AB32-9FBF141C020B}.Debug|Any CPU.ActiveCfg = Debug|Any CPU
		{4277630B-073E-4FBF-AB32-9FBF141C020B}.Debug|Any CPU.Build.0 = Debug|Any CPU
		{4277630B-073E-4FBF-AB32-9FBF141C020B}.Debug|x64.ActiveCfg = Debug|Any CPU
		{4277630B-073E-4FBF-AB32-9FBF141C020B}.Debug|x64.Build.0 = Debug|Any CPU
		{4277630B-073E-4FBF-AB32-9FBF141C020B}.Debug|x86.ActiveCfg = Debug|Any CPU
		{4277630B-073E-4FBF-AB32-9FBF141C020B}.Debug|x86.Build.0 = Debug|Any CPU
		{4277630B-073E-4FBF-AB32-9FBF141C020B}.Release|Any CPU.ActiveCfg = Release|Any CPU
		{4277630B-073E-4FBF-AB32-9FBF141C020B}.Release|Any CPU.Build.0 = Release|Any CPU
		{4277630B-073E-4FBF-AB32-9FBF141C020B}.Release|x64.ActiveCfg = Release|Any CPU
		{4277630B-073E-4FBF-AB32-9FBF141C020B}.Release|x64.Build.0 = Release|Any CPU
		{4277630B-073E-4FBF-AB32-9FBF141C020B}.Release|x86.ActiveCfg = Release|Any CPU
		{4277630B-073E-4FBF-AB32-9FBF141C020B}.Release|x86.Build.0 = Release|Any CPU
		{034A3E9A-52D1-4587-96DC-55D2D834EF37}.Debug|Any CPU.ActiveCfg = Debug|Any CPU
		{034A3E9A-52D1-4587-96DC-55D2D834EF37}.Debug|Any CPU.Build.0 = Debug|Any CPU
		{034A3E9A-52D1-4587-96DC-55D2D834EF37}.Debug|x64.ActiveCfg = Debug|Any CPU
		{034A3E9A-52D1-4587-96DC-55D2D834EF37}.Debug|x64.Build.0 = Debug|Any CPU
		{034A3E9A-52D1-4587-96DC-55D2D834EF37}.Debug|x86.ActiveCfg = Debug|Any CPU
		{034A3E9A-52D1-4587-96DC-55D2D834EF37}.Debug|x86.Build.0 = Debug|Any CPU
		{034A3E9A-52D1-4587-96DC-55D2D834EF37}.Release|Any CPU.ActiveCfg = Release|Any CPU
		{034A3E9A-52D1-4587-96DC-55D2D834EF37}.Release|Any CPU.Build.0 = Release|Any CPU
		{034A3E9A-52D1-4587-96DC-55D2D834EF37}.Release|x64.ActiveCfg = Release|Any CPU
		{034A3E9A-52D1-4587-96DC-55D2D834EF37}.Release|x64.Build.0 = Release|Any CPU
		{034A3E9A-52D1-4587-96DC-55D2D834EF37}.Release|x86.ActiveCfg = Release|Any CPU
		{034A3E9A-52D1-4587-96DC-55D2D834EF37}.Release|x86.Build.0 = Release|Any CPU
		{0D04FCFA-A4DE-4DFB-9877-7BD6159468FB}.Debug|Any CPU.ActiveCfg = Debug|Any CPU
		{0D04FCFA-A4DE-4DFB-9877-7BD6159468FB}.Debug|Any CPU.Build.0 = Debug|Any CPU
		{0D04FCFA-A4DE-4DFB-9877-7BD6159468FB}.Debug|x64.ActiveCfg = Debug|Any CPU
		{0D04FCFA-A4DE-4DFB-9877-7BD6159468FB}.Debug|x64.Build.0 = Debug|Any CPU
		{0D04FCFA-A4DE-4DFB-9877-7BD6159468FB}.Debug|x86.ActiveCfg = Debug|Any CPU
		{0D04FCFA-A4DE-4DFB-9877-7BD6159468FB}.Debug|x86.Build.0 = Debug|Any CPU
		{0D04FCFA-A4DE-4DFB-9877-7BD6159468FB}.Release|Any CPU.ActiveCfg = Release|Any CPU
		{0D04FCFA-A4DE-4DFB-9877-7BD6159468FB}.Release|Any CPU.Build.0 = Release|Any CPU
		{0D04FCFA-A4DE-4DFB-9877-7BD6159468FB}.Release|x64.ActiveCfg = Release|Any CPU
		{0D04FCFA-A4DE-4DFB-9877-7BD6159468FB}.Release|x64.Build.0 = Release|Any CPU
		{0D04FCFA-A4DE-4DFB-9877-7BD6159468FB}.Release|x86.ActiveCfg = Release|Any CPU
		{0D04FCFA-A4DE-4DFB-9877-7BD6159468FB}.Release|x86.Build.0 = Release|Any CPU
		{F3364C8F-4835-4137-A2EB-2AE85D207541}.Debug|Any CPU.ActiveCfg = Debug|Any CPU
		{F3364C8F-4835-4137-A2EB-2AE85D207541}.Debug|Any CPU.Build.0 = Debug|Any CPU
		{F3364C8F-4835-4137-A2EB-2AE85D207541}.Debug|x64.ActiveCfg = Debug|Any CPU
		{F3364C8F-4835-4137-A2EB-2AE85D207541}.Debug|x64.Build.0 = Debug|Any CPU
		{F3364C8F-4835-4137-A2EB-2AE85D207541}.Debug|x86.ActiveCfg = Debug|Any CPU
		{F3364C8F-4835-4137-A2EB-2AE85D207541}.Debug|x86.Build.0 = Debug|Any CPU
		{F3364C8F-4835-4137-A2EB-2AE85D207541}.Release|Any CPU.ActiveCfg = Release|Any CPU
		{F3364C8F-4835-4137-A2EB-2AE85D207541}.Release|Any CPU.Build.0 = Release|Any CPU
		{F3364C8F-4835-4137-A2EB-2AE85D207541}.Release|x64.ActiveCfg = Release|Any CPU
		{F3364C8F-4835-4137-A2EB-2AE85D207541}.Release|x64.Build.0 = Release|Any CPU
		{F3364C8F-4835-4137-A2EB-2AE85D207541}.Release|x86.ActiveCfg = Release|Any CPU
		{F3364C8F-4835-4137-A2EB-2AE85D207541}.Release|x86.Build.0 = Release|Any CPU
		{CC43B71D-2FC5-4A78-BD44-4AE3068851C4}.Debug|Any CPU.ActiveCfg = Debug|Any CPU
		{CC43B71D-2FC5-4A78-BD44-4AE3068851C4}.Debug|Any CPU.Build.0 = Debug|Any CPU
		{CC43B71D-2FC5-4A78-BD44-4AE3068851C4}.Debug|x64.ActiveCfg = Debug|Any CPU
		{CC43B71D-2FC5-4A78-BD44-4AE3068851C4}.Debug|x64.Build.0 = Debug|Any CPU
		{CC43B71D-2FC5-4A78-BD44-4AE3068851C4}.Debug|x86.ActiveCfg = Debug|Any CPU
		{CC43B71D-2FC5-4A78-BD44-4AE3068851C4}.Debug|x86.Build.0 = Debug|Any CPU
		{CC43B71D-2FC5-4A78-BD44-4AE3068851C4}.Release|Any CPU.ActiveCfg = Release|Any CPU
		{CC43B71D-2FC5-4A78-BD44-4AE3068851C4}.Release|Any CPU.Build.0 = Release|Any CPU
		{CC43B71D-2FC5-4A78-BD44-4AE3068851C4}.Release|x64.ActiveCfg = Release|Any CPU
		{CC43B71D-2FC5-4A78-BD44-4AE3068851C4}.Release|x64.Build.0 = Release|Any CPU
		{CC43B71D-2FC5-4A78-BD44-4AE3068851C4}.Release|x86.ActiveCfg = Release|Any CPU
		{CC43B71D-2FC5-4A78-BD44-4AE3068851C4}.Release|x86.Build.0 = Release|Any CPU
		{BC08F414-3D37-40D5-A437-37CB51D9EC2E}.Debug|Any CPU.ActiveCfg = Debug|Any CPU
		{BC08F414-3D37-40D5-A437-37CB51D9EC2E}.Debug|Any CPU.Build.0 = Debug|Any CPU
		{BC08F414-3D37-40D5-A437-37CB51D9EC2E}.Debug|x64.ActiveCfg = Debug|Any CPU
		{BC08F414-3D37-40D5-A437-37CB51D9EC2E}.Debug|x64.Build.0 = Debug|Any CPU
		{BC08F414-3D37-40D5-A437-37CB51D9EC2E}.Debug|x86.ActiveCfg = Debug|Any CPU
		{BC08F414-3D37-40D5-A437-37CB51D9EC2E}.Debug|x86.Build.0 = Debug|Any CPU
		{BC08F414-3D37-40D5-A437-37CB51D9EC2E}.Release|Any CPU.ActiveCfg = Release|Any CPU
		{BC08F414-3D37-40D5-A437-37CB51D9EC2E}.Release|Any CPU.Build.0 = Release|Any CPU
		{BC08F414-3D37-40D5-A437-37CB51D9EC2E}.Release|x64.ActiveCfg = Release|Any CPU
		{BC08F414-3D37-40D5-A437-37CB51D9EC2E}.Release|x64.Build.0 = Release|Any CPU
		{BC08F414-3D37-40D5-A437-37CB51D9EC2E}.Release|x86.ActiveCfg = Release|Any CPU
		{BC08F414-3D37-40D5-A437-37CB51D9EC2E}.Release|x86.Build.0 = Release|Any CPU
		{1297ACDF-CF52-40B3-9613-ED86F682E417}.Debug|Any CPU.ActiveCfg = Debug|Any CPU
		{1297ACDF-CF52-40B3-9613-ED86F682E417}.Debug|Any CPU.Build.0 = Debug|Any CPU
		{1297ACDF-CF52-40B3-9613-ED86F682E417}.Debug|x64.ActiveCfg = Debug|Any CPU
		{1297ACDF-CF52-40B3-9613-ED86F682E417}.Debug|x64.Build.0 = Debug|Any CPU
		{1297ACDF-CF52-40B3-9613-ED86F682E417}.Debug|x86.ActiveCfg = Debug|Any CPU
		{1297ACDF-CF52-40B3-9613-ED86F682E417}.Debug|x86.Build.0 = Debug|Any CPU
		{1297ACDF-CF52-40B3-9613-ED86F682E417}.Release|Any CPU.ActiveCfg = Release|Any CPU
		{1297ACDF-CF52-40B3-9613-ED86F682E417}.Release|Any CPU.Build.0 = Release|Any CPU
		{1297ACDF-CF52-40B3-9613-ED86F682E417}.Release|x64.ActiveCfg = Release|Any CPU
		{1297ACDF-CF52-40B3-9613-ED86F682E417}.Release|x64.Build.0 = Release|Any CPU
		{1297ACDF-CF52-40B3-9613-ED86F682E417}.Release|x86.ActiveCfg = Release|Any CPU
		{1297ACDF-CF52-40B3-9613-ED86F682E417}.Release|x86.Build.0 = Release|Any CPU
		{1456E580-C8E2-4DA0-9D00-6D065E0FA69D}.Debug|Any CPU.ActiveCfg = Debug|Any CPU
		{1456E580-C8E2-4DA0-9D00-6D065E0FA69D}.Debug|Any CPU.Build.0 = Debug|Any CPU
		{1456E580-C8E2-4DA0-9D00-6D065E0FA69D}.Debug|x64.ActiveCfg = Debug|Any CPU
		{1456E580-C8E2-4DA0-9D00-6D065E0FA69D}.Debug|x64.Build.0 = Debug|Any CPU
		{1456E580-C8E2-4DA0-9D00-6D065E0FA69D}.Debug|x86.ActiveCfg = Debug|Any CPU
		{1456E580-C8E2-4DA0-9D00-6D065E0FA69D}.Debug|x86.Build.0 = Debug|Any CPU
		{1456E580-C8E2-4DA0-9D00-6D065E0FA69D}.Release|Any CPU.ActiveCfg = Release|Any CPU
		{1456E580-C8E2-4DA0-9D00-6D065E0FA69D}.Release|Any CPU.Build.0 = Release|Any CPU
		{1456E580-C8E2-4DA0-9D00-6D065E0FA69D}.Release|x64.ActiveCfg = Release|Any CPU
		{1456E580-C8E2-4DA0-9D00-6D065E0FA69D}.Release|x64.Build.0 = Release|Any CPU
		{1456E580-C8E2-4DA0-9D00-6D065E0FA69D}.Release|x86.ActiveCfg = Release|Any CPU
		{1456E580-C8E2-4DA0-9D00-6D065E0FA69D}.Release|x86.Build.0 = Release|Any CPU
		{AA59F727-C66B-433B-AAE9-C44B72BE7380}.Debug|Any CPU.ActiveCfg = Debug|Any CPU
		{AA59F727-C66B-433B-AAE9-C44B72BE7380}.Debug|Any CPU.Build.0 = Debug|Any CPU
		{AA59F727-C66B-433B-AAE9-C44B72BE7380}.Debug|x64.ActiveCfg = Debug|Any CPU
		{AA59F727-C66B-433B-AAE9-C44B72BE7380}.Debug|x64.Build.0 = Debug|Any CPU
		{AA59F727-C66B-433B-AAE9-C44B72BE7380}.Debug|x86.ActiveCfg = Debug|Any CPU
		{AA59F727-C66B-433B-AAE9-C44B72BE7380}.Debug|x86.Build.0 = Debug|Any CPU
		{AA59F727-C66B-433B-AAE9-C44B72BE7380}.Release|Any CPU.ActiveCfg = Release|Any CPU
		{AA59F727-C66B-433B-AAE9-C44B72BE7380}.Release|Any CPU.Build.0 = Release|Any CPU
		{AA59F727-C66B-433B-AAE9-C44B72BE7380}.Release|x64.ActiveCfg = Release|Any CPU
		{AA59F727-C66B-433B-AAE9-C44B72BE7380}.Release|x64.Build.0 = Release|Any CPU
		{AA59F727-C66B-433B-AAE9-C44B72BE7380}.Release|x86.ActiveCfg = Release|Any CPU
		{AA59F727-C66B-433B-AAE9-C44B72BE7380}.Release|x86.Build.0 = Release|Any CPU
		{835A5345-A296-4C7E-B477-DEF5D829A1DD}.Debug|Any CPU.ActiveCfg = Debug|Any CPU
		{835A5345-A296-4C7E-B477-DEF5D829A1DD}.Debug|Any CPU.Build.0 = Debug|Any CPU
		{835A5345-A296-4C7E-B477-DEF5D829A1DD}.Debug|x64.ActiveCfg = Debug|Any CPU
		{835A5345-A296-4C7E-B477-DEF5D829A1DD}.Debug|x64.Build.0 = Debug|Any CPU
		{835A5345-A296-4C7E-B477-DEF5D829A1DD}.Debug|x86.ActiveCfg = Debug|Any CPU
		{835A5345-A296-4C7E-B477-DEF5D829A1DD}.Debug|x86.Build.0 = Debug|Any CPU
		{835A5345-A296-4C7E-B477-DEF5D829A1DD}.Release|Any CPU.ActiveCfg = Release|Any CPU
		{835A5345-A296-4C7E-B477-DEF5D829A1DD}.Release|Any CPU.Build.0 = Release|Any CPU
		{835A5345-A296-4C7E-B477-DEF5D829A1DD}.Release|x64.ActiveCfg = Release|Any CPU
		{835A5345-A296-4C7E-B477-DEF5D829A1DD}.Release|x64.Build.0 = Release|Any CPU
		{835A5345-A296-4C7E-B477-DEF5D829A1DD}.Release|x86.ActiveCfg = Release|Any CPU
		{835A5345-A296-4C7E-B477-DEF5D829A1DD}.Release|x86.Build.0 = Release|Any CPU
		{F1FF2D57-CD5F-42F2-9A0C-3F503FCAE7B6}.Debug|Any CPU.ActiveCfg = Debug|Any CPU
		{F1FF2D57-CD5F-42F2-9A0C-3F503FCAE7B6}.Debug|Any CPU.Build.0 = Debug|Any CPU
		{F1FF2D57-CD5F-42F2-9A0C-3F503FCAE7B6}.Debug|x64.ActiveCfg = Debug|Any CPU
		{F1FF2D57-CD5F-42F2-9A0C-3F503FCAE7B6}.Debug|x64.Build.0 = Debug|Any CPU
		{F1FF2D57-CD5F-42F2-9A0C-3F503FCAE7B6}.Debug|x86.ActiveCfg = Debug|Any CPU
		{F1FF2D57-CD5F-42F2-9A0C-3F503FCAE7B6}.Debug|x86.Build.0 = Debug|Any CPU
		{F1FF2D57-CD5F-42F2-9A0C-3F503FCAE7B6}.Release|Any CPU.ActiveCfg = Release|Any CPU
		{F1FF2D57-CD5F-42F2-9A0C-3F503FCAE7B6}.Release|Any CPU.Build.0 = Release|Any CPU
		{F1FF2D57-CD5F-42F2-9A0C-3F503FCAE7B6}.Release|x64.ActiveCfg = Release|Any CPU
		{F1FF2D57-CD5F-42F2-9A0C-3F503FCAE7B6}.Release|x64.Build.0 = Release|Any CPU
		{F1FF2D57-CD5F-42F2-9A0C-3F503FCAE7B6}.Release|x86.ActiveCfg = Release|Any CPU
		{F1FF2D57-CD5F-42F2-9A0C-3F503FCAE7B6}.Release|x86.Build.0 = Release|Any CPU
		{62332F4E-F354-4D7B-8C06-5AD4D293D3E9}.Debug|Any CPU.ActiveCfg = Debug|Any CPU
		{62332F4E-F354-4D7B-8C06-5AD4D293D3E9}.Debug|Any CPU.Build.0 = Debug|Any CPU
		{62332F4E-F354-4D7B-8C06-5AD4D293D3E9}.Debug|x64.ActiveCfg = Debug|Any CPU
		{62332F4E-F354-4D7B-8C06-5AD4D293D3E9}.Debug|x64.Build.0 = Debug|Any CPU
		{62332F4E-F354-4D7B-8C06-5AD4D293D3E9}.Debug|x86.ActiveCfg = Debug|Any CPU
		{62332F4E-F354-4D7B-8C06-5AD4D293D3E9}.Debug|x86.Build.0 = Debug|Any CPU
		{62332F4E-F354-4D7B-8C06-5AD4D293D3E9}.Release|Any CPU.ActiveCfg = Release|Any CPU
		{62332F4E-F354-4D7B-8C06-5AD4D293D3E9}.Release|Any CPU.Build.0 = Release|Any CPU
		{62332F4E-F354-4D7B-8C06-5AD4D293D3E9}.Release|x64.ActiveCfg = Release|Any CPU
		{62332F4E-F354-4D7B-8C06-5AD4D293D3E9}.Release|x64.Build.0 = Release|Any CPU
		{62332F4E-F354-4D7B-8C06-5AD4D293D3E9}.Release|x86.ActiveCfg = Release|Any CPU
		{62332F4E-F354-4D7B-8C06-5AD4D293D3E9}.Release|x86.Build.0 = Release|Any CPU
	EndGlobalSection
	GlobalSection(SolutionProperties) = preSolution
		HideSolutionNode = FALSE
	EndGlobalSection
	GlobalSection(NestedProjects) = preSolution
		{4277630B-073E-4FBF-AB32-9FBF141C020B} = {827E0CD3-B72D-47B6-A68D-7590B98EB39B}
		{72696CDF-302E-EF66-82F6-620320370A42} = {827E0CD3-B72D-47B6-A68D-7590B98EB39B}
		{034A3E9A-52D1-4587-96DC-55D2D834EF37} = {72696CDF-302E-EF66-82F6-620320370A42}
		{0D04FCFA-A4DE-4DFB-9877-7BD6159468FB} = {72696CDF-302E-EF66-82F6-620320370A42}
		{1A88AEE5-8318-917E-8E30-D2AB575D3D92} = {827E0CD3-B72D-47B6-A68D-7590B98EB39B}
		{F3364C8F-4835-4137-A2EB-2AE85D207541} = {1A88AEE5-8318-917E-8E30-D2AB575D3D92}
		{F3846736-565B-9EA7-873C-5ACF842A7768} = {827E0CD3-B72D-47B6-A68D-7590B98EB39B}
		{CC43B71D-2FC5-4A78-BD44-4AE3068851C4} = {F3846736-565B-9EA7-873C-5ACF842A7768}
		{BC08F414-3D37-40D5-A437-37CB51D9EC2E} = {F3846736-565B-9EA7-873C-5ACF842A7768}
		{1297ACDF-CF52-40B3-9613-ED86F682E417} = {5E2CD0BF-53BA-A5A1-2DCE-D75CA6078340}
		{1456E580-C8E2-4DA0-9D00-6D065E0FA69D} = {5E2CD0BF-53BA-A5A1-2DCE-D75CA6078340}
		{AA59F727-C66B-433B-AAE9-C44B72BE7380} = {5E2CD0BF-53BA-A5A1-2DCE-D75CA6078340}
		{835A5345-A296-4C7E-B477-DEF5D829A1DD} = {5E2CD0BF-53BA-A5A1-2DCE-D75CA6078340}
		{F1FF2D57-CD5F-42F2-9A0C-3F503FCAE7B6} = {5E2CD0BF-53BA-A5A1-2DCE-D75CA6078340}
		{62332F4E-F354-4D7B-8C06-5AD4D293D3E9} = {72696CDF-302E-EF66-82F6-620320370A42}
	EndGlobalSection
	GlobalSection(ExtensibilityGlobals) = postSolution
		SolutionGuid = {4240A683-DD13-4CFC-A554-3B73C95531F9}
	EndGlobalSection
EndGlobal
