
Microsoft Visual Studio Solution File, Format Version 12.00
# Visual Studio Version 17
VisualStudioVersion = 17.0.31903.59
MinimumVisualStudioVersion = 10.0.40219.1
Project("{2150E333-8FDC-42A3-9474-1A3956D46DE8}") = "Platform", "Platform", "{E54149B9-7F22-367F-9CC5-FD829E3AA07B}"
EndProject
Project("{FAE04EC0-301F-11D3-BF4B-00C04F79EFBC}") = "AiAgentCanvas.Abstractions", "src\Platform\AiAgentCanvas.Abstractions\AiAgentCanvas.Abstractions.csproj", "{E3C4296E-06B1-4811-99A5-CE6B5259FF7D}"
EndProject
Project("{FAE04EC0-301F-11D3-BF4B-00C04F79EFBC}") = "AiAgentCanvas.Orchestration", "src\Platform\AiAgentCanvas.Orchestration\AiAgentCanvas.Orchestration.csproj", "{F376B061-6AF4-428E-AB9C-0EB19561201B}"
EndProject
Project("{FAE04EC0-301F-11D3-BF4B-00C04F79EFBC}") = "AiAgentCanvas.Security", "src\Platform\AiAgentCanvas.Security\AiAgentCanvas.Security.csproj", "{FE032358-D3FF-4BB8-92F0-AF0CB5E1C1DC}"
EndProject
Project("{2150E333-8FDC-42A3-9474-1A3956D46DE8}") = "Capabilities", "Capabilities", "{8B68D284-3DE8-39D0-91FE-C345E8B9C4E9}"
EndProject
Project("{FAE04EC0-301F-11D3-BF4B-00C04F79EFBC}") = "AiAgentCanvas.Capabilities.Rag", "src\Capabilities\AiAgentCanvas.Capabilities.Rag\AiAgentCanvas.Capabilities.Rag.csproj", "{8F7D9406-BABA-4ED3-8268-445EA91C30C2}"
EndProject
Project("{FAE04EC0-301F-11D3-BF4B-00C04F79EFBC}") = "AiAgentCanvas.Capabilities.Scheduling", "src\Capabilities\AiAgentCanvas.Capabilities.Scheduling\AiAgentCanvas.Capabilities.Scheduling.csproj", "{8FD0C99A-FA13-47B7-9861-A3DBE5039962}"
EndProject
Project("{FAE04EC0-301F-11D3-BF4B-00C04F79EFBC}") = "AiAgentCanvas.Capabilities.Skills", "src\Capabilities\AiAgentCanvas.Capabilities.Skills\AiAgentCanvas.Capabilities.Skills.csproj", "{506693E3-08A6-4579-B9E3-9DC21F10BF74}"
EndProject
Project("{FAE04EC0-301F-11D3-BF4B-00C04F79EFBC}") = "AiAgentCanvas.Capabilities.Notifications", "src\Capabilities\AiAgentCanvas.Capabilities.Notifications\AiAgentCanvas.Capabilities.Notifications.csproj", "{9211E779-92B5-4C51-9C28-75B99931537D}"
EndProject
Project("{FAE04EC0-301F-11D3-BF4B-00C04F79EFBC}") = "AiAgentCanvas.Capabilities.SystemTools", "src\Capabilities\AiAgentCanvas.Capabilities.SystemTools\AiAgentCanvas.Capabilities.SystemTools.csproj", "{8A9F6243-8C1A-42B1-B0B4-5DFE59899E84}"
EndProject
Project("{2150E333-8FDC-42A3-9474-1A3956D46DE8}") = "AgentData", "AgentData", "{4FA9151C-FA2B-AFEF-6E32-D8D3F4C4B7D1}"
EndProject
Project("{FAE04EC0-301F-11D3-BF4B-00C04F79EFBC}") = "AiAgentCanvas.AgentData.Personas", "src\AgentData\AiAgentCanvas.AgentData.Personas\AiAgentCanvas.AgentData.Personas.csproj", "{25829BF3-7A4B-4839-8FF8-C279F1244351}"
EndProject
Project("{FAE04EC0-301F-11D3-BF4B-00C04F79EFBC}") = "AiAgentCanvas.AgentData.Context", "src\AgentData\AiAgentCanvas.AgentData.Context\AiAgentCanvas.AgentData.Context.csproj", "{CB821868-81EE-48B9-864E-B4FA767D68A1}"
EndProject
Project("{FAE04EC0-301F-11D3-BF4B-00C04F79EFBC}") = "AiAgentCanvas.AgentData.Entities", "src\AgentData\AiAgentCanvas.AgentData.Entities\AiAgentCanvas.AgentData.Entities.csproj", "{F5D18ADE-3326-4E72-944E-9BAE0B1D7EAB}"
EndProject
Project("{FAE04EC0-301F-11D3-BF4B-00C04F79EFBC}") = "AiAgentCanvas.AgentData.Guardrails", "src\AgentData\AiAgentCanvas.AgentData.Guardrails\AiAgentCanvas.AgentData.Guardrails.csproj", "{FA8DF2C5-E285-4DB8-AC7E-EF9571ABFFD7}"
EndProject
Project("{FAE04EC0-301F-11D3-BF4B-00C04F79EFBC}") = "AiAgentCanvas.AgentData.Profiles", "src\AgentData\AiAgentCanvas.AgentData.Profiles\AiAgentCanvas.AgentData.Profiles.csproj", "{BCEEEDBC-4CE7-4910-BAD1-C4B8B725F624}"
EndProject
Project("{FAE04EC0-301F-11D3-BF4B-00C04F79EFBC}") = "AiAgentCanvas.AgentData.Workflows", "src\AgentData\AiAgentCanvas.AgentData.Workflows\AiAgentCanvas.AgentData.Workflows.csproj", "{0F66985D-FDE5-4879-9F68-1A3544666409}"
EndProject
Project("{2150E333-8FDC-42A3-9474-1A3956D46DE8}") = "Agents", "Agents", "{B33F7F66-95C7-97AE-2462-F6D15419E3EF}"
EndProject
Project("{FAE04EC0-301F-11D3-BF4B-00C04F79EFBC}") = "Agent.FinancialAnalyst", "src\Agents\Agent.FinancialAnalyst\Agent.FinancialAnalyst.csproj", "{DE5955FC-13D0-4B8E-AE96-776B6DCA7C91}"
EndProject
Project("{2150E333-8FDC-42A3-9474-1A3956D46DE8}") = "DataConnections", "DataConnections", "{E969D773-6BAD-8681-88E6-12871378D0A0}"
EndProject
Project("{FAE04EC0-301F-11D3-BF4B-00C04F79EFBC}") = "DataConnection.MarketData", "src\DataConnections\DataConnection.MarketData\DataConnection.MarketData.csproj", "{1B72F38C-6DD5-43AC-8E4F-C298470B96F5}"
EndProject
Project("{FAE04EC0-301F-11D3-BF4B-00C04F79EFBC}") = "DataConnection.VectorStore.Sqlite", "src\DataConnections\DataConnection.VectorStore.Sqlite\DataConnection.VectorStore.Sqlite.csproj", "{615B35BC-7575-4C21-97EA-1CC11D07E1AC}"
EndProject
Project("{2150E333-8FDC-42A3-9474-1A3956D46DE8}") = "Providers", "Providers", "{D9007A03-FD03-1159-6598-E081D0A1BEBA}"
EndProject
Project("{FAE04EC0-301F-11D3-BF4B-00C04F79EFBC}") = "AiAgentCanvas.Providers.AzureAIFoundry", "src\Providers\AiAgentCanvas.Providers.AzureAIFoundry\AiAgentCanvas.Providers.AzureAIFoundry.csproj", "{7BADE452-9152-433B-B3B5-67FBBF046465}"
EndProject
Project("{2150E333-8FDC-42A3-9474-1A3956D46DE8}") = "Host", "Host", "{7226ABEA-787E-1D09-10EA-A2ECF996D6A6}"
EndProject
Project("{FAE04EC0-301F-11D3-BF4B-00C04F79EFBC}") = "AiAgentCanvas.Host", "src\Host\AiAgentCanvas.Host\AiAgentCanvas.Host.csproj", "{AA781027-31C9-496E-8FE3-8BDFA5817FC0}"
EndProject
Project("{FAE04EC0-301F-11D3-BF4B-00C04F79EFBC}") = "AiAgentCanvas.Storage.Sqlite", "src\DataConnections\AiAgentCanvas.Storage.Sqlite\AiAgentCanvas.Storage.Sqlite.csproj", "{E65BA035-EB91-4942-A6ED-1EA333FAA5A4}"
EndProject
Global
	GlobalSection(SolutionConfigurationPlatforms) = preSolution
		Debug|Any CPU = Debug|Any CPU
		Debug|x64 = Debug|x64
		Debug|x86 = Debug|x86
		Release|Any CPU = Release|Any CPU
		Release|x64 = Release|x64
		Release|x86 = Release|x86
	EndGlobalSection
	GlobalSection(ProjectConfigurationPlatforms) = postSolution
		{E3C4296E-06B1-4811-99A5-CE6B5259FF7D}.Debug|Any CPU.ActiveCfg = Debug|Any CPU
		{E3C4296E-06B1-4811-99A5-CE6B5259FF7D}.Debug|Any CPU.Build.0 = Debug|Any CPU
		{E3C4296E-06B1-4811-99A5-CE6B5259FF7D}.Debug|x64.ActiveCfg = Debug|Any CPU
		{E3C4296E-06B1-4811-99A5-CE6B5259FF7D}.Debug|x64.Build.0 = Debug|Any CPU
		{E3C4296E-06B1-4811-99A5-CE6B5259FF7D}.Debug|x86.ActiveCfg = Debug|Any CPU
		{E3C4296E-06B1-4811-99A5-CE6B5259FF7D}.Debug|x86.Build.0 = Debug|Any CPU
		{E3C4296E-06B1-4811-99A5-CE6B5259FF7D}.Release|Any CPU.ActiveCfg = Release|Any CPU
		{E3C4296E-06B1-4811-99A5-CE6B5259FF7D}.Release|Any CPU.Build.0 = Release|Any CPU
		{E3C4296E-06B1-4811-99A5-CE6B5259FF7D}.Release|x64.ActiveCfg = Release|Any CPU
		{E3C4296E-06B1-4811-99A5-CE6B5259FF7D}.Release|x64.Build.0 = Release|Any CPU
		{E3C4296E-06B1-4811-99A5-CE6B5259FF7D}.Release|x86.ActiveCfg = Release|Any CPU
		{E3C4296E-06B1-4811-99A5-CE6B5259FF7D}.Release|x86.Build.0 = Release|Any CPU
		{F376B061-6AF4-428E-AB9C-0EB19561201B}.Debug|Any CPU.ActiveCfg = Debug|Any CPU
		{F376B061-6AF4-428E-AB9C-0EB19561201B}.Debug|Any CPU.Build.0 = Debug|Any CPU
		{F376B061-6AF4-428E-AB9C-0EB19561201B}.Debug|x64.ActiveCfg = Debug|Any CPU
		{F376B061-6AF4-428E-AB9C-0EB19561201B}.Debug|x64.Build.0 = Debug|Any CPU
		{F376B061-6AF4-428E-AB9C-0EB19561201B}.Debug|x86.ActiveCfg = Debug|Any CPU
		{F376B061-6AF4-428E-AB9C-0EB19561201B}.Debug|x86.Build.0 = Debug|Any CPU
		{F376B061-6AF4-428E-AB9C-0EB19561201B}.Release|Any CPU.ActiveCfg = Release|Any CPU
		{F376B061-6AF4-428E-AB9C-0EB19561201B}.Release|Any CPU.Build.0 = Release|Any CPU
		{F376B061-6AF4-428E-AB9C-0EB19561201B}.Release|x64.ActiveCfg = Release|Any CPU
		{F376B061-6AF4-428E-AB9C-0EB19561201B}.Release|x64.Build.0 = Release|Any CPU
		{F376B061-6AF4-428E-AB9C-0EB19561201B}.Release|x86.ActiveCfg = Release|Any CPU
		{F376B061-6AF4-428E-AB9C-0EB19561201B}.Release|x86.Build.0 = Release|Any CPU
		{FE032358-D3FF-4BB8-92F0-AF0CB5E1C1DC}.Debug|Any CPU.ActiveCfg = Debug|Any CPU
		{FE032358-D3FF-4BB8-92F0-AF0CB5E1C1DC}.Debug|Any CPU.Build.0 = Debug|Any CPU
		{FE032358-D3FF-4BB8-92F0-AF0CB5E1C1DC}.Debug|x64.ActiveCfg = Debug|Any CPU
		{FE032358-D3FF-4BB8-92F0-AF0CB5E1C1DC}.Debug|x64.Build.0 = Debug|Any CPU
		{FE032358-D3FF-4BB8-92F0-AF0CB5E1C1DC}.Debug|x86.ActiveCfg = Debug|Any CPU
		{FE032358-D3FF-4BB8-92F0-AF0CB5E1C1DC}.Debug|x86.Build.0 = Debug|Any CPU
		{FE032358-D3FF-4BB8-92F0-AF0CB5E1C1DC}.Release|Any CPU.ActiveCfg = Release|Any CPU
		{FE032358-D3FF-4BB8-92F0-AF0CB5E1C1DC}.Release|Any CPU.Build.0 = Release|Any CPU
		{FE032358-D3FF-4BB8-92F0-AF0CB5E1C1DC}.Release|x64.ActiveCfg = Release|Any CPU
		{FE032358-D3FF-4BB8-92F0-AF0CB5E1C1DC}.Release|x64.Build.0 = Release|Any CPU
		{FE032358-D3FF-4BB8-92F0-AF0CB5E1C1DC}.Release|x86.ActiveCfg = Release|Any CPU
		{FE032358-D3FF-4BB8-92F0-AF0CB5E1C1DC}.Release|x86.Build.0 = Release|Any CPU
		{8F7D9406-BABA-4ED3-8268-445EA91C30C2}.Debug|Any CPU.ActiveCfg = Debug|Any CPU
		{8F7D9406-BABA-4ED3-8268-445EA91C30C2}.Debug|Any CPU.Build.0 = Debug|Any CPU
		{8F7D9406-BABA-4ED3-8268-445EA91C30C2}.Debug|x64.ActiveCfg = Debug|Any CPU
		{8F7D9406-BABA-4ED3-8268-445EA91C30C2}.Debug|x64.Build.0 = Debug|Any CPU
		{8F7D9406-BABA-4ED3-8268-445EA91C30C2}.Debug|x86.ActiveCfg = Debug|Any CPU
		{8F7D9406-BABA-4ED3-8268-445EA91C30C2}.Debug|x86.Build.0 = Debug|Any CPU
		{8F7D9406-BABA-4ED3-8268-445EA91C30C2}.Release|Any CPU.ActiveCfg = Release|Any CPU
		{8F7D9406-BABA-4ED3-8268-445EA91C30C2}.Release|Any CPU.Build.0 = Release|Any CPU
		{8F7D9406-BABA-4ED3-8268-445EA91C30C2}.Release|x64.ActiveCfg = Release|Any CPU
		{8F7D9406-BABA-4ED3-8268-445EA91C30C2}.Release|x64.Build.0 = Release|Any CPU
		{8F7D9406-BABA-4ED3-8268-445EA91C30C2}.Release|x86.ActiveCfg = Release|Any CPU
		{8F7D9406-BABA-4ED3-8268-445EA91C30C2}.Release|x86.Build.0 = Release|Any CPU
		{8FD0C99A-FA13-47B7-9861-A3DBE5039962}.Debug|Any CPU.ActiveCfg = Debug|Any CPU
		{8FD0C99A-FA13-47B7-9861-A3DBE5039962}.Debug|Any CPU.Build.0 = Debug|Any CPU
		{8FD0C99A-FA13-47B7-9861-A3DBE5039962}.Debug|x64.ActiveCfg = Debug|Any CPU
		{8FD0C99A-FA13-47B7-9861-A3DBE5039962}.Debug|x64.Build.0 = Debug|Any CPU
		{8FD0C99A-FA13-47B7-9861-A3DBE5039962}.Debug|x86.ActiveCfg = Debug|Any CPU
		{8FD0C99A-FA13-47B7-9861-A3DBE5039962}.Debug|x86.Build.0 = Debug|Any CPU
		{8FD0C99A-FA13-47B7-9861-A3DBE5039962}.Release|Any CPU.ActiveCfg = Release|Any CPU
		{8FD0C99A-FA13-47B7-9861-A3DBE5039962}.Release|Any CPU.Build.0 = Release|Any CPU
		{8FD0C99A-FA13-47B7-9861-A3DBE5039962}.Release|x64.ActiveCfg = Release|Any CPU
		{8FD0C99A-FA13-47B7-9861-A3DBE5039962}.Release|x64.Build.0 = Release|Any CPU
		{8FD0C99A-FA13-47B7-9861-A3DBE5039962}.Release|x86.ActiveCfg = Release|Any CPU
		{8FD0C99A-FA13-47B7-9861-A3DBE5039962}.Release|x86.Build.0 = Release|Any CPU
		{506693E3-08A6-4579-B9E3-9DC21F10BF74}.Debug|Any CPU.ActiveCfg = Debug|Any CPU
		{506693E3-08A6-4579-B9E3-9DC21F10BF74}.Debug|Any CPU.Build.0 = Debug|Any CPU
		{506693E3-08A6-4579-B9E3-9DC21F10BF74}.Debug|x64.ActiveCfg = Debug|Any CPU
		{506693E3-08A6-4579-B9E3-9DC21F10BF74}.Debug|x64.Build.0 = Debug|Any CPU
		{506693E3-08A6-4579-B9E3-9DC21F10BF74}.Debug|x86.ActiveCfg = Debug|Any CPU
		{506693E3-08A6-4579-B9E3-9DC21F10BF74}.Debug|x86.Build.0 = Debug|Any CPU
		{506693E3-08A6-4579-B9E3-9DC21F10BF74}.Release|Any CPU.ActiveCfg = Release|Any CPU
		{506693E3-08A6-4579-B9E3-9DC21F10BF74}.Release|Any CPU.Build.0 = Release|Any CPU
		{506693E3-08A6-4579-B9E3-9DC21F10BF74}.Release|x64.ActiveCfg = Release|Any CPU
		{506693E3-08A6-4579-B9E3-9DC21F10BF74}.Release|x64.Build.0 = Release|Any CPU
		{506693E3-08A6-4579-B9E3-9DC21F10BF74}.Release|x86.ActiveCfg = Release|Any CPU
		{506693E3-08A6-4579-B9E3-9DC21F10BF74}.Release|x86.Build.0 = Release|Any CPU
		{9211E779-92B5-4C51-9C28-75B99931537D}.Debug|Any CPU.ActiveCfg = Debug|Any CPU
		{9211E779-92B5-4C51-9C28-75B99931537D}.Debug|Any CPU.Build.0 = Debug|Any CPU
		{9211E779-92B5-4C51-9C28-75B99931537D}.Debug|x64.ActiveCfg = Debug|Any CPU
		{9211E779-92B5-4C51-9C28-75B99931537D}.Debug|x64.Build.0 = Debug|Any CPU
		{9211E779-92B5-4C51-9C28-75B99931537D}.Debug|x86.ActiveCfg = Debug|Any CPU
		{9211E779-92B5-4C51-9C28-75B99931537D}.Debug|x86.Build.0 = Debug|Any CPU
		{9211E779-92B5-4C51-9C28-75B99931537D}.Release|Any CPU.ActiveCfg = Release|Any CPU
		{9211E779-92B5-4C51-9C28-75B99931537D}.Release|Any CPU.Build.0 = Release|Any CPU
		{9211E779-92B5-4C51-9C28-75B99931537D}.Release|x64.ActiveCfg = Release|Any CPU
		{9211E779-92B5-4C51-9C28-75B99931537D}.Release|x64.Build.0 = Release|Any CPU
		{9211E779-92B5-4C51-9C28-75B99931537D}.Release|x86.ActiveCfg = Release|Any CPU
		{9211E779-92B5-4C51-9C28-75B99931537D}.Release|x86.Build.0 = Release|Any CPU
		{8A9F6243-8C1A-42B1-B0B4-5DFE59899E84}.Debug|Any CPU.ActiveCfg = Debug|Any CPU
		{8A9F6243-8C1A-42B1-B0B4-5DFE59899E84}.Debug|Any CPU.Build.0 = Debug|Any CPU
		{8A9F6243-8C1A-42B1-B0B4-5DFE59899E84}.Debug|x64.ActiveCfg = Debug|Any CPU
		{8A9F6243-8C1A-42B1-B0B4-5DFE59899E84}.Debug|x64.Build.0 = Debug|Any CPU
		{8A9F6243-8C1A-42B1-B0B4-5DFE59899E84}.Debug|x86.ActiveCfg = Debug|Any CPU
		{8A9F6243-8C1A-42B1-B0B4-5DFE59899E84}.Debug|x86.Build.0 = Debug|Any CPU
		{8A9F6243-8C1A-42B1-B0B4-5DFE59899E84}.Release|Any CPU.ActiveCfg = Release|Any CPU
		{8A9F6243-8C1A-42B1-B0B4-5DFE59899E84}.Release|Any CPU.Build.0 = Release|Any CPU
		{8A9F6243-8C1A-42B1-B0B4-5DFE59899E84}.Release|x64.ActiveCfg = Release|Any CPU
		{8A9F6243-8C1A-42B1-B0B4-5DFE59899E84}.Release|x64.Build.0 = Release|Any CPU
		{8A9F6243-8C1A-42B1-B0B4-5DFE59899E84}.Release|x86.ActiveCfg = Release|Any CPU
		{8A9F6243-8C1A-42B1-B0B4-5DFE59899E84}.Release|x86.Build.0 = Release|Any CPU
		{25829BF3-7A4B-4839-8FF8-C279F1244351}.Debug|Any CPU.ActiveCfg = Debug|Any CPU
		{25829BF3-7A4B-4839-8FF8-C279F1244351}.Debug|Any CPU.Build.0 = Debug|Any CPU
		{25829BF3-7A4B-4839-8FF8-C279F1244351}.Debug|x64.ActiveCfg = Debug|Any CPU
		{25829BF3-7A4B-4839-8FF8-C279F1244351}.Debug|x64.Build.0 = Debug|Any CPU
		{25829BF3-7A4B-4839-8FF8-C279F1244351}.Debug|x86.ActiveCfg = Debug|Any CPU
		{25829BF3-7A4B-4839-8FF8-C279F1244351}.Debug|x86.Build.0 = Debug|Any CPU
		{25829BF3-7A4B-4839-8FF8-C279F1244351}.Release|Any CPU.ActiveCfg = Release|Any CPU
		{25829BF3-7A4B-4839-8FF8-C279F1244351}.Release|Any CPU.Build.0 = Release|Any CPU
		{25829BF3-7A4B-4839-8FF8-C279F1244351}.Release|x64.ActiveCfg = Release|Any CPU
		{25829BF3-7A4B-4839-8FF8-C279F1244351}.Release|x64.Build.0 = Release|Any CPU
		{25829BF3-7A4B-4839-8FF8-C279F1244351}.Release|x86.ActiveCfg = Release|Any CPU
		{25829BF3-7A4B-4839-8FF8-C279F1244351}.Release|x86.Build.0 = Release|Any CPU
		{CB821868-81EE-48B9-864E-B4FA767D68A1}.Debug|Any CPU.ActiveCfg = Debug|Any CPU
		{CB821868-81EE-48B9-864E-B4FA767D68A1}.Debug|Any CPU.Build.0 = Debug|Any CPU
		{CB821868-81EE-48B9-864E-B4FA767D68A1}.Debug|x64.ActiveCfg = Debug|Any CPU
		{CB821868-81EE-48B9-864E-B4FA767D68A1}.Debug|x64.Build.0 = Debug|Any CPU
		{CB821868-81EE-48B9-864E-B4FA767D68A1}.Debug|x86.ActiveCfg = Debug|Any CPU
		{CB821868-81EE-48B9-864E-B4FA767D68A1}.Debug|x86.Build.0 = Debug|Any CPU
		{CB821868-81EE-48B9-864E-B4FA767D68A1}.Release|Any CPU.ActiveCfg = Release|Any CPU
		{CB821868-81EE-48B9-864E-B4FA767D68A1}.Release|Any CPU.Build.0 = Release|Any CPU
		{CB821868-81EE-48B9-864E-B4FA767D68A1}.Release|x64.ActiveCfg = Release|Any CPU
		{CB821868-81EE-48B9-864E-B4FA767D68A1}.Release|x64.Build.0 = Release|Any CPU
		{CB821868-81EE-48B9-864E-B4FA767D68A1}.Release|x86.ActiveCfg = Release|Any CPU
		{CB821868-81EE-48B9-864E-B4FA767D68A1}.Release|x86.Build.0 = Release|Any CPU
		{F5D18ADE-3326-4E72-944E-9BAE0B1D7EAB}.Debug|Any CPU.ActiveCfg = Debug|Any CPU
		{F5D18ADE-3326-4E72-944E-9BAE0B1D7EAB}.Debug|Any CPU.Build.0 = Debug|Any CPU
		{F5D18ADE-3326-4E72-944E-9BAE0B1D7EAB}.Debug|x64.ActiveCfg = Debug|Any CPU
		{F5D18ADE-3326-4E72-944E-9BAE0B1D7EAB}.Debug|x64.Build.0 = Debug|Any CPU
		{F5D18ADE-3326-4E72-944E-9BAE0B1D7EAB}.Debug|x86.ActiveCfg = Debug|Any CPU
		{F5D18ADE-3326-4E72-944E-9BAE0B1D7EAB}.Debug|x86.Build.0 = Debug|Any CPU
		{F5D18ADE-3326-4E72-944E-9BAE0B1D7EAB}.Release|Any CPU.ActiveCfg = Release|Any CPU
		{F5D18ADE-3326-4E72-944E-9BAE0B1D7EAB}.Release|Any CPU.Build.0 = Release|Any CPU
		{F5D18ADE-3326-4E72-944E-9BAE0B1D7EAB}.Release|x64.ActiveCfg = Release|Any CPU
		{F5D18ADE-3326-4E72-944E-9BAE0B1D7EAB}.Release|x64.Build.0 = Release|Any CPU
		{F5D18ADE-3326-4E72-944E-9BAE0B1D7EAB}.Release|x86.ActiveCfg = Release|Any CPU
		{F5D18ADE-3326-4E72-944E-9BAE0B1D7EAB}.Release|x86.Build.0 = Release|Any CPU
		{FA8DF2C5-E285-4DB8-AC7E-EF9571ABFFD7}.Debug|Any CPU.ActiveCfg = Debug|Any CPU
		{FA8DF2C5-E285-4DB8-AC7E-EF9571ABFFD7}.Debug|Any CPU.Build.0 = Debug|Any CPU
		{FA8DF2C5-E285-4DB8-AC7E-EF9571ABFFD7}.Debug|x64.ActiveCfg = Debug|Any CPU
		{FA8DF2C5-E285-4DB8-AC7E-EF9571ABFFD7}.Debug|x64.Build.0 = Debug|Any CPU
		{FA8DF2C5-E285-4DB8-AC7E-EF9571ABFFD7}.Debug|x86.ActiveCfg = Debug|Any CPU
		{FA8DF2C5-E285-4DB8-AC7E-EF9571ABFFD7}.Debug|x86.Build.0 = Debug|Any CPU
		{FA8DF2C5-E285-4DB8-AC7E-EF9571ABFFD7}.Release|Any CPU.ActiveCfg = Release|Any CPU
		{FA8DF2C5-E285-4DB8-AC7E-EF9571ABFFD7}.Release|Any CPU.Build.0 = Release|Any CPU
		{FA8DF2C5-E285-4DB8-AC7E-EF9571ABFFD7}.Release|x64.ActiveCfg = Release|Any CPU
		{FA8DF2C5-E285-4DB8-AC7E-EF9571ABFFD7}.Release|x64.Build.0 = Release|Any CPU
		{FA8DF2C5-E285-4DB8-AC7E-EF9571ABFFD7}.Release|x86.ActiveCfg = Release|Any CPU
		{FA8DF2C5-E285-4DB8-AC7E-EF9571ABFFD7}.Release|x86.Build.0 = Release|Any CPU
		{BCEEEDBC-4CE7-4910-BAD1-C4B8B725F624}.Debug|Any CPU.ActiveCfg = Debug|Any CPU
		{BCEEEDBC-4CE7-4910-BAD1-C4B8B725F624}.Debug|Any CPU.Build.0 = Debug|Any CPU
		{BCEEEDBC-4CE7-4910-BAD1-C4B8B725F624}.Debug|x64.ActiveCfg = Debug|Any CPU
		{BCEEEDBC-4CE7-4910-BAD1-C4B8B725F624}.Debug|x64.Build.0 = Debug|Any CPU
		{BCEEEDBC-4CE7-4910-BAD1-C4B8B725F624}.Debug|x86.ActiveCfg = Debug|Any CPU
		{BCEEEDBC-4CE7-4910-BAD1-C4B8B725F624}.Debug|x86.Build.0 = Debug|Any CPU
		{BCEEEDBC-4CE7-4910-BAD1-C4B8B725F624}.Release|Any CPU.ActiveCfg = Release|Any CPU
		{BCEEEDBC-4CE7-4910-BAD1-C4B8B725F624}.Release|Any CPU.Build.0 = Release|Any CPU
		{BCEEEDBC-4CE7-4910-BAD1-C4B8B725F624}.Release|x64.ActiveCfg = Release|Any CPU
		{BCEEEDBC-4CE7-4910-BAD1-C4B8B725F624}.Release|x64.Build.0 = Release|Any CPU
		{BCEEEDBC-4CE7-4910-BAD1-C4B8B725F624}.Release|x86.ActiveCfg = Release|Any CPU
		{BCEEEDBC-4CE7-4910-BAD1-C4B8B725F624}.Release|x86.Build.0 = Release|Any CPU
		{0F66985D-FDE5-4879-9F68-1A3544666409}.Debug|Any CPU.ActiveCfg = Debug|Any CPU
		{0F66985D-FDE5-4879-9F68-1A3544666409}.Debug|Any CPU.Build.0 = Debug|Any CPU
		{0F66985D-FDE5-4879-9F68-1A3544666409}.Debug|x64.ActiveCfg = Debug|Any CPU
		{0F66985D-FDE5-4879-9F68-1A3544666409}.Debug|x64.Build.0 = Debug|Any CPU
		{0F66985D-FDE5-4879-9F68-1A3544666409}.Debug|x86.ActiveCfg = Debug|Any CPU
		{0F66985D-FDE5-4879-9F68-1A3544666409}.Debug|x86.Build.0 = Debug|Any CPU
		{0F66985D-FDE5-4879-9F68-1A3544666409}.Release|Any CPU.ActiveCfg = Release|Any CPU
		{0F66985D-FDE5-4879-9F68-1A3544666409}.Release|Any CPU.Build.0 = Release|Any CPU
		{0F66985D-FDE5-4879-9F68-1A3544666409}.Release|x64.ActiveCfg = Release|Any CPU
		{0F66985D-FDE5-4879-9F68-1A3544666409}.Release|x64.Build.0 = Release|Any CPU
		{0F66985D-FDE5-4879-9F68-1A3544666409}.Release|x86.ActiveCfg = Release|Any CPU
		{0F66985D-FDE5-4879-9F68-1A3544666409}.Release|x86.Build.0 = Release|Any CPU
		{DE5955FC-13D0-4B8E-AE96-776B6DCA7C91}.Debug|Any CPU.ActiveCfg = Debug|Any CPU
		{DE5955FC-13D0-4B8E-AE96-776B6DCA7C91}.Debug|Any CPU.Build.0 = Debug|Any CPU
		{DE5955FC-13D0-4B8E-AE96-776B6DCA7C91}.Debug|x64.ActiveCfg = Debug|Any CPU
		{DE5955FC-13D0-4B8E-AE96-776B6DCA7C91}.Debug|x64.Build.0 = Debug|Any CPU
		{DE5955FC-13D0-4B8E-AE96-776B6DCA7C91}.Debug|x86.ActiveCfg = Debug|Any CPU
		{DE5955FC-13D0-4B8E-AE96-776B6DCA7C91}.Debug|x86.Build.0 = Debug|Any CPU
		{DE5955FC-13D0-4B8E-AE96-776B6DCA7C91}.Release|Any CPU.ActiveCfg = Release|Any CPU
		{DE5955FC-13D0-4B8E-AE96-776B6DCA7C91}.Release|Any CPU.Build.0 = Release|Any CPU
		{DE5955FC-13D0-4B8E-AE96-776B6DCA7C91}.Release|x64.ActiveCfg = Release|Any CPU
		{DE5955FC-13D0-4B8E-AE96-776B6DCA7C91}.Release|x64.Build.0 = Release|Any CPU
		{DE5955FC-13D0-4B8E-AE96-776B6DCA7C91}.Release|x86.ActiveCfg = Release|Any CPU
		{DE5955FC-13D0-4B8E-AE96-776B6DCA7C91}.Release|x86.Build.0 = Release|Any CPU
		{1B72F38C-6DD5-43AC-8E4F-C298470B96F5}.Debug|Any CPU.ActiveCfg = Debug|Any CPU
		{1B72F38C-6DD5-43AC-8E4F-C298470B96F5}.Debug|Any CPU.Build.0 = Debug|Any CPU
		{1B72F38C-6DD5-43AC-8E4F-C298470B96F5}.Debug|x64.ActiveCfg = Debug|Any CPU
		{1B72F38C-6DD5-43AC-8E4F-C298470B96F5}.Debug|x64.Build.0 = Debug|Any CPU
		{1B72F38C-6DD5-43AC-8E4F-C298470B96F5}.Debug|x86.ActiveCfg = Debug|Any CPU
		{1B72F38C-6DD5-43AC-8E4F-C298470B96F5}.Debug|x86.Build.0 = Debug|Any CPU
		{1B72F38C-6DD5-43AC-8E4F-C298470B96F5}.Release|Any CPU.ActiveCfg = Release|Any CPU
		{1B72F38C-6DD5-43AC-8E4F-C298470B96F5}.Release|Any CPU.Build.0 = Release|Any CPU
		{1B72F38C-6DD5-43AC-8E4F-C298470B96F5}.Release|x64.ActiveCfg = Release|Any CPU
		{1B72F38C-6DD5-43AC-8E4F-C298470B96F5}.Release|x64.Build.0 = Release|Any CPU
		{1B72F38C-6DD5-43AC-8E4F-C298470B96F5}.Release|x86.ActiveCfg = Release|Any CPU
		{1B72F38C-6DD5-43AC-8E4F-C298470B96F5}.Release|x86.Build.0 = Release|Any CPU
		{615B35BC-7575-4C21-97EA-1CC11D07E1AC}.Debug|Any CPU.ActiveCfg = Debug|Any CPU
		{615B35BC-7575-4C21-97EA-1CC11D07E1AC}.Debug|Any CPU.Build.0 = Debug|Any CPU
		{615B35BC-7575-4C21-97EA-1CC11D07E1AC}.Debug|x64.ActiveCfg = Debug|Any CPU
		{615B35BC-7575-4C21-97EA-1CC11D07E1AC}.Debug|x64.Build.0 = Debug|Any CPU
		{615B35BC-7575-4C21-97EA-1CC11D07E1AC}.Debug|x86.ActiveCfg = Debug|Any CPU
		{615B35BC-7575-4C21-97EA-1CC11D07E1AC}.Debug|x86.Build.0 = Debug|Any CPU
		{615B35BC-7575-4C21-97EA-1CC11D07E1AC}.Release|Any CPU.ActiveCfg = Release|Any CPU
		{615B35BC-7575-4C21-97EA-1CC11D07E1AC}.Release|Any CPU.Build.0 = Release|Any CPU
		{615B35BC-7575-4C21-97EA-1CC11D07E1AC}.Release|x64.ActiveCfg = Release|Any CPU
		{615B35BC-7575-4C21-97EA-1CC11D07E1AC}.Release|x64.Build.0 = Release|Any CPU
		{615B35BC-7575-4C21-97EA-1CC11D07E1AC}.Release|x86.ActiveCfg = Release|Any CPU
		{615B35BC-7575-4C21-97EA-1CC11D07E1AC}.Release|x86.Build.0 = Release|Any CPU
		{7BADE452-9152-433B-B3B5-67FBBF046465}.Debug|Any CPU.ActiveCfg = Debug|Any CPU
		{7BADE452-9152-433B-B3B5-67FBBF046465}.Debug|Any CPU.Build.0 = Debug|Any CPU
		{7BADE452-9152-433B-B3B5-67FBBF046465}.Debug|x64.ActiveCfg = Debug|Any CPU
		{7BADE452-9152-433B-B3B5-67FBBF046465}.Debug|x64.Build.0 = Debug|Any CPU
		{7BADE452-9152-433B-B3B5-67FBBF046465}.Debug|x86.ActiveCfg = Debug|Any CPU
		{7BADE452-9152-433B-B3B5-67FBBF046465}.Debug|x86.Build.0 = Debug|Any CPU
		{7BADE452-9152-433B-B3B5-67FBBF046465}.Release|Any CPU.ActiveCfg = Release|Any CPU
		{7BADE452-9152-433B-B3B5-67FBBF046465}.Release|Any CPU.Build.0 = Release|Any CPU
		{7BADE452-9152-433B-B3B5-67FBBF046465}.Release|x64.ActiveCfg = Release|Any CPU
		{7BADE452-9152-433B-B3B5-67FBBF046465}.Release|x64.Build.0 = Release|Any CPU
		{7BADE452-9152-433B-B3B5-67FBBF046465}.Release|x86.ActiveCfg = Release|Any CPU
		{7BADE452-9152-433B-B3B5-67FBBF046465}.Release|x86.Build.0 = Release|Any CPU
		{AA781027-31C9-496E-8FE3-8BDFA5817FC0}.Debug|Any CPU.ActiveCfg = Debug|Any CPU
		{AA781027-31C9-496E-8FE3-8BDFA5817FC0}.Debug|Any CPU.Build.0 = Debug|Any CPU
		{AA781027-31C9-496E-8FE3-8BDFA5817FC0}.Debug|x64.ActiveCfg = Debug|Any CPU
		{AA781027-31C9-496E-8FE3-8BDFA5817FC0}.Debug|x64.Build.0 = Debug|Any CPU
		{AA781027-31C9-496E-8FE3-8BDFA5817FC0}.Debug|x86.ActiveCfg = Debug|Any CPU
		{AA781027-31C9-496E-8FE3-8BDFA5817FC0}.Debug|x86.Build.0 = Debug|Any CPU
		{AA781027-31C9-496E-8FE3-8BDFA5817FC0}.Release|Any CPU.ActiveCfg = Release|Any CPU
		{AA781027-31C9-496E-8FE3-8BDFA5817FC0}.Release|Any CPU.Build.0 = Release|Any CPU
		{AA781027-31C9-496E-8FE3-8BDFA5817FC0}.Release|x64.ActiveCfg = Release|Any CPU
		{AA781027-31C9-496E-8FE3-8BDFA5817FC0}.Release|x64.Build.0 = Release|Any CPU
		{AA781027-31C9-496E-8FE3-8BDFA5817FC0}.Release|x86.ActiveCfg = Release|Any CPU
		{AA781027-31C9-496E-8FE3-8BDFA5817FC0}.Release|x86.Build.0 = Release|Any CPU
		{E65BA035-EB91-4942-A6ED-1EA333FAA5A4}.Debug|Any CPU.ActiveCfg = Debug|Any CPU
		{E65BA035-EB91-4942-A6ED-1EA333FAA5A4}.Debug|Any CPU.Build.0 = Debug|Any CPU
		{E65BA035-EB91-4942-A6ED-1EA333FAA5A4}.Debug|x64.ActiveCfg = Debug|Any CPU
		{E65BA035-EB91-4942-A6ED-1EA333FAA5A4}.Debug|x64.Build.0 = Debug|Any CPU
		{E65BA035-EB91-4942-A6ED-1EA333FAA5A4}.Debug|x86.ActiveCfg = Debug|Any CPU
		{E65BA035-EB91-4942-A6ED-1EA333FAA5A4}.Debug|x86.Build.0 = Debug|Any CPU
		{E65BA035-EB91-4942-A6ED-1EA333FAA5A4}.Release|Any CPU.ActiveCfg = Release|Any CPU
		{E65BA035-EB91-4942-A6ED-1EA333FAA5A4}.Release|Any CPU.Build.0 = Release|Any CPU
		{E65BA035-EB91-4942-A6ED-1EA333FAA5A4}.Release|x64.ActiveCfg = Release|Any CPU
		{E65BA035-EB91-4942-A6ED-1EA333FAA5A4}.Release|x64.Build.0 = Release|Any CPU
		{E65BA035-EB91-4942-A6ED-1EA333FAA5A4}.Release|x86.ActiveCfg = Release|Any CPU
		{E65BA035-EB91-4942-A6ED-1EA333FAA5A4}.Release|x86.Build.0 = Release|Any CPU
	EndGlobalSection
	GlobalSection(SolutionProperties) = preSolution
		HideSolutionNode = FALSE
	EndGlobalSection
	GlobalSection(NestedProjects) = preSolution
		{E3C4296E-06B1-4811-99A5-CE6B5259FF7D} = {E54149B9-7F22-367F-9CC5-FD829E3AA07B}
		{F376B061-6AF4-428E-AB9C-0EB19561201B} = {E54149B9-7F22-367F-9CC5-FD829E3AA07B}
		{FE032358-D3FF-4BB8-92F0-AF0CB5E1C1DC} = {E54149B9-7F22-367F-9CC5-FD829E3AA07B}
		{8F7D9406-BABA-4ED3-8268-445EA91C30C2} = {8B68D284-3DE8-39D0-91FE-C345E8B9C4E9}
		{8FD0C99A-FA13-47B7-9861-A3DBE5039962} = {8B68D284-3DE8-39D0-91FE-C345E8B9C4E9}
		{506693E3-08A6-4579-B9E3-9DC21F10BF74} = {8B68D284-3DE8-39D0-91FE-C345E8B9C4E9}
		{9211E779-92B5-4C51-9C28-75B99931537D} = {8B68D284-3DE8-39D0-91FE-C345E8B9C4E9}
		{8A9F6243-8C1A-42B1-B0B4-5DFE59899E84} = {8B68D284-3DE8-39D0-91FE-C345E8B9C4E9}
		{25829BF3-7A4B-4839-8FF8-C279F1244351} = {4FA9151C-FA2B-AFEF-6E32-D8D3F4C4B7D1}
		{CB821868-81EE-48B9-864E-B4FA767D68A1} = {4FA9151C-FA2B-AFEF-6E32-D8D3F4C4B7D1}
		{F5D18ADE-3326-4E72-944E-9BAE0B1D7EAB} = {4FA9151C-FA2B-AFEF-6E32-D8D3F4C4B7D1}
		{FA8DF2C5-E285-4DB8-AC7E-EF9571ABFFD7} = {4FA9151C-FA2B-AFEF-6E32-D8D3F4C4B7D1}
		{BCEEEDBC-4CE7-4910-BAD1-C4B8B725F624} = {4FA9151C-FA2B-AFEF-6E32-D8D3F4C4B7D1}
		{0F66985D-FDE5-4879-9F68-1A3544666409} = {4FA9151C-FA2B-AFEF-6E32-D8D3F4C4B7D1}
		{DE5955FC-13D0-4B8E-AE96-776B6DCA7C91} = {B33F7F66-95C7-97AE-2462-F6D15419E3EF}
		{1B72F38C-6DD5-43AC-8E4F-C298470B96F5} = {E969D773-6BAD-8681-88E6-12871378D0A0}
		{615B35BC-7575-4C21-97EA-1CC11D07E1AC} = {E969D773-6BAD-8681-88E6-12871378D0A0}
		{7BADE452-9152-433B-B3B5-67FBBF046465} = {D9007A03-FD03-1159-6598-E081D0A1BEBA}
		{AA781027-31C9-496E-8FE3-8BDFA5817FC0} = {7226ABEA-787E-1D09-10EA-A2ECF996D6A6}
		{E65BA035-EB91-4942-A6ED-1EA333FAA5A4} = {E969D773-6BAD-8681-88E6-12871378D0A0}
	EndGlobalSection
EndGlobal
